
Microsoft Visual Studio Solution File, Format Version 12.00
# Visual Studio Version 17
VisualStudioVersion = 17.8.34316.72
MinimumVisualStudioVersion = 10.0.40219.1
Project("{FAE04EC0-301F-11D3-BF4B-00C04F79EFBC}") = "Week15OOP", "Week15OOP\Week15OOP.csproj", "{425DE6B2-42CB-4873-B61F-F89002DAD1C3}"
EndProject
Global
	GlobalSection(SolutionConfigurationPlatforms) = preSolution
		Debug|Any CPU = Debug|Any CPU
		Release|Any CPU = Release|Any CPU
	EndGlobalSection
	GlobalSection(ProjectConfigurationPlatforms) = postSolution
		{425DE6B2-42CB-4873-B61F-F89002DAD1C3}.Debug|Any CPU.ActiveCfg = Debug|Any CPU
		{425DE6B2-42CB-4873-B61F-F89002DAD1C3}.Debug|Any CPU.Build.0 = Debug|Any CPU
		{425DE6B2-42CB-4873-B61F-F89002DAD1C3}.Release|Any CPU.ActiveCfg = Release|Any CPU
		{425DE6B2-42CB-4873-B61F-F89002DAD1C3}.Release|Any CPU.Build.0 = Release|Any CPU
	EndGlobalSection
	GlobalSection(SolutionProperties) = preSolution
		HideSolutionNode = FALSE
	EndGlobalSection
	GlobalSection(ExtensibilityGlobals) = postSolution
		SolutionGuid = {B01CD3FA-45F2-4A1B-A63D-678E768B736B}
	EndGlobalSection
EndGlobal
